
Microsoft Visual Studio Solution File, Format Version 12.00
# Visual Studio Version 17
VisualStudioVersion = 17.9.34518.117
MinimumVisualStudioVersion = 10.0.40219.1
Project("{FAE04EC0-301F-11D3-BF4B-00C04F79EFBC}") = "Benchmark", "Benchmark\Benchmark.csproj", "{0F5E4C3A-09BC-4F50-A536-E31630E75A0B}"
EndProject
Global
	GlobalSection(SolutionConfigurationPlatforms) = preSolution
		Debug|Any CPU = Debug|Any CPU
		Release|Any CPU = Release|Any CPU
	EndGlobalSection
	GlobalSection(ProjectConfigurationPlatforms) = postSolution
		{0F5E4C3A-09BC-4F50-A536-E31630E75A0B}.Debug|Any CPU.ActiveCfg = Debug|Any CPU
		{0F5E4C3A-09BC-4F50-A536-E31630E75A0B}.Debug|Any CPU.Build.0 = Debug|Any CPU
		{0F5E4C3A-09BC-4F50-A536-E31630E75A0B}.Release|Any CPU.ActiveCfg = Release|Any CPU
		{0F5E4C3A-09BC-4F50-A536-E31630E75A0B}.Release|Any CPU.Build.0 = Release|Any CPU
	EndGlobalSection
	GlobalSection(SolutionProperties) = preSolution
		HideSolutionNode = FALSE
	EndGlobalSection
	GlobalSection(ExtensibilityGlobals) = postSolution
		SolutionGuid = {25E924DA-AE8C-452B-94AB-0DA6E7B5CA1A}
	EndGlobalSection
EndGlobal
